
Microsoft Visual Studio Solution File, Format Version 12.00
# Visual Studio Version 17
VisualStudioVersion = 17.6.33712.159
MinimumVisualStudioVersion = 10.0.40219.1
Project("{9A19103F-16F7-4668-BE54-9A1E7A4F7556}") = "WiredBrainCoffee.EmployeeManager", "WiredBrainCoffee.EmployeeManager\WiredBrainCoffee.EmployeeManager.csproj", "{F0E7D923-6376-45AF-A0A0-AD5753EDCE77}"
EndProject
Global
	GlobalSection(SolutionConfigurationPlatforms) = preSolution
		Debug|Any CPU = Debug|Any CPU
		Release|Any CPU = Release|Any CPU
	EndGlobalSection
	GlobalSection(ProjectConfigurationPlatforms) = postSolution
		{F0E7D923-6376-45AF-A0A0-AD5753EDCE77}.Debug|Any CPU.ActiveCfg = Debug|Any CPU
		{F0E7D923-6376-45AF-A0A0-AD5753EDCE77}.Debug|Any CPU.Build.0 = Debug|Any CPU
		{F0E7D923-6376-45AF-A0A0-AD5753EDCE77}.Release|Any CPU.ActiveCfg = Release|Any CPU
		{F0E7D923-6376-45AF-A0A0-AD5753EDCE77}.Release|Any CPU.Build.0 = Release|Any CPU
	EndGlobalSection
	GlobalSection(SolutionProperties) = preSolution
		HideSolutionNode = FALSE
	EndGlobalSection
	GlobalSection(ExtensibilityGlobals) = postSolution
		SolutionGuid = {8573B2B7-02F1-4334-BC02-0E673298723F}
	EndGlobalSection
EndGlobal
